{
  "version": 4,
  "terraform_version": "1.12.2",
  "serial": 195,
  "lineage": "69c7b85a-8a82-4006-7ec3-a7889eae57f3",
  "outputs": {},
  "resources": [
    {
      "module": "module.ami",
      "mode": "data",
      "type": "aws_ami",
      "name": "ubuntu",
      "provider": "provider[\"registry.terraform.io/hashicorp/aws\"]",
      "instances": [
        {
          "schema_version": 0,
          "attributes": {
            "allow_unsafe_filter": null,
            "architecture": "x86_64",
            "arn": "arn:aws:ec2:ap-south-1::image/ami-0add08d545f97eb70",
            "block_device_mappings": [
              {
                "device_name": "/dev/sda1",
                "ebs": {
                  "delete_on_termination": "true",
                  "encrypted": "false",
                  "iops": "0",
                  "snapshot_id": "snap-057330dbcadd9a59f",
                  "throughput": "0",
                  "volume_initialization_rate": "0",
                  "volume_size": "8",
                  "volume_type": "gp2"
                },
                "no_device": "",
                "virtual_name": ""
              },
              {
                "device_name": "/dev/sdb",
                "ebs": {},
                "no_device": "",
                "virtual_name": "ephemeral0"
              },
              {
                "device_name": "/dev/sdc",
                "ebs": {},
                "no_device": "",
                "virtual_name": "ephemeral1"
              }
            ],
            "boot_mode": "uefi-preferred",
            "creation_date": "2025-08-01T07:11:04.000Z",
            "deprecation_time": "2027-08-01T07:11:04.000Z",
            "description": "Canonical, Ubuntu, 22.04, amd64 jammy image",
            "ena_support": true,
            "executable_users": null,
            "filter": [
              {
                "name": "name",
                "values": [
                  "ubuntu/images/hvm-ssd/ubuntu-jammy-22.04-amd64-server-*"
                ]
              }
            ],
            "hypervisor": "xen",
            "id": "ami-0add08d545f97eb70",
            "image_id": "ami-0add08d545f97eb70",
            "image_location": "amazon/ubuntu/images/hvm-ssd/ubuntu-jammy-22.04-amd64-server-20250801",
            "image_owner_alias": "amazon",
            "image_type": "machine",
            "imds_support": "",
            "include_deprecated": false,
            "kernel_id": "",
            "last_launched_time": "",
            "most_recent": true,
            "name": "ubuntu/images/hvm-ssd/ubuntu-jammy-22.04-amd64-server-20250801",
            "name_regex": null,
            "owner_id": "099720109477",
            "owners": [
              "099720109477"
            ],
            "platform": "",
            "platform_details": "Linux/UNIX",
            "product_codes": [],
            "public": true,
            "ramdisk_id": "",
            "region": "ap-south-1",
            "root_device_name": "/dev/sda1",
            "root_device_type": "ebs",
            "root_snapshot_id": "snap-057330dbcadd9a59f",
            "sriov_net_support": "simple",
            "state": "available",
            "state_reason": {
              "code": "UNSET",
              "message": "UNSET"
            },
            "tags": {},
            "timeouts": null,
            "tpm_support": "",
            "uefi_data": null,
            "usage_operation": "RunInstances",
            "virtualization_type": "hvm"
          },
          "sensitive_attributes": [],
          "identity_schema_version": 0
        }
      ]
    },
    {
      "module": "module.keypair",
      "mode": "managed",
      "type": "aws_key_pair",
      "name": "keypairnew_aws_sam",
      "provider": "provider[\"registry.terraform.io/hashicorp/aws\"]",
      "instances": [
        {
          "schema_version": 1,
          "attributes": {
            "arn": "arn:aws:ec2:ap-south-1:588082971984:key-pair/keypairnew_aws_sam",
            "fingerprint": "a5:4d:ff:67:c1:1b:26:41:47:15:62:cc:64:38:6d:17",
            "id": "keypairnew_aws_sam",
            "key_name": "keypairnew_aws_sam",
            "key_name_prefix": "",
            "key_pair_id": "key-03d6a6cf15b32437b",
            "key_type": "rsa",
            "public_key": "ssh-rsa AAAAB3NzaC1yc2EAAAADAQABAAABAQDSpWQ4Y+41/7tUrUOODFOTn7Txhnr2vVitFmJjm/X0uFOVzSBU09U2/UA2JO1aT97ob+lzHy1Hu+dW61/2TGJsuQEO+x7iRWqJlXenB51Ezn1i9TdSXhoyCqw5+2zwKDoJlxjgzFUoRbC5J1oCAWa0mCY4XHCJaVwckP90An+ffpviElC1zkvbtsz3RgJq7vfj60EPoydmVtg/M+pzTx351jn1IZpbcOt7YN1M6X1mvoLak1OF/dbi42bcRsHrB3sjnW3sFRcwiDQhED5OWJuU5giUsH69NnfH8MJa4l0OiEznBOHGZzoQ0o2XwhPZ0UEyMxtCiKI497PELWbkc6Ln",
            "region": "ap-south-1",
            "tags": {},
            "tags_all": {}
          },
          "sensitive_attributes": [],
          "identity_schema_version": 0,
          "private": "eyJzY2hlbWFfdmVyc2lvbiI6IjEifQ=="
        }
      ]
    },
    {
      "module": "module.network",
      "mode": "managed",
      "type": "aws_internet_gateway",
      "name": "sam-1-igw",
      "provider": "provider[\"registry.terraform.io/hashicorp/aws\"]",
      "instances": [
        {
          "schema_version": 0,
          "attributes": {
            "arn": "arn:aws:ec2:ap-south-1:588082971984:internet-gateway/igw-0d0a2cb65c8b63321",
            "id": "igw-0d0a2cb65c8b63321",
            "owner_id": "588082971984",
            "region": "ap-south-1",
            "tags": {
              "Name": "sigw"
            },
            "tags_all": {
              "Name": "sigw"
            },
            "timeouts": null,
            "vpc_id": "vpc-01a6fd9fcff3d38aa"
          },
          "sensitive_attributes": [],
          "identity_schema_version": 0,
          "private": "eyJlMmJmYjczMC1lY2FhLTExZTYtOGY4OC0zNDM2M2JjN2M0YzAiOnsiY3JlYXRlIjoxMjAwMDAwMDAwMDAwLCJkZWxldGUiOjEyMDAwMDAwMDAwMDAsInVwZGF0ZSI6MTIwMDAwMDAwMDAwMH19",
          "dependencies": [
            "module.network.aws_vpc.Sam_auto_vpc"
          ]
        }
      ]
    },
    {
      "module": "module.network",
      "mode": "managed",
      "type": "aws_route_table",
      "name": "sam_auto_rt",
      "provider": "provider[\"registry.terraform.io/hashicorp/aws\"]",
      "instances": [
        {
          "schema_version": 0,
          "attributes": {
            "arn": "arn:aws:ec2:ap-south-1:588082971984:route-table/rtb-044cb1f73bd011073",
            "id": "rtb-044cb1f73bd011073",
            "owner_id": "588082971984",
            "propagating_vgws": [],
            "region": "ap-south-1",
            "route": [
              {
                "carrier_gateway_id": "",
                "cidr_block": "0.0.0.0/0",
                "core_network_arn": "",
                "destination_prefix_list_id": "",
                "egress_only_gateway_id": "",
                "gateway_id": "igw-0d0a2cb65c8b63321",
                "ipv6_cidr_block": "",
                "local_gateway_id": "",
                "nat_gateway_id": "",
                "network_interface_id": "",
                "transit_gateway_id": "",
                "vpc_endpoint_id": "",
                "vpc_peering_connection_id": ""
              }
            ],
            "tags": {
              "Name": "rt1auto"
            },
            "tags_all": {
              "Name": "rt1auto"
            },
            "timeouts": null,
            "vpc_id": "vpc-01a6fd9fcff3d38aa"
          },
          "sensitive_attributes": [],
          "identity_schema_version": 0,
          "private": "eyJlMmJmYjczMC1lY2FhLTExZTYtOGY4OC0zNDM2M2JjN2M0YzAiOnsiY3JlYXRlIjozMDAwMDAwMDAwMDAsImRlbGV0ZSI6MzAwMDAwMDAwMDAwLCJ1cGRhdGUiOjEyMDAwMDAwMDAwMH19",
          "dependencies": [
            "module.network.aws_internet_gateway.sam-1-igw",
            "module.network.aws_vpc.Sam_auto_vpc"
          ]
        }
      ]
    },
    {
      "module": "module.network",
      "mode": "managed",
      "type": "aws_vpc",
      "name": "Sam_auto_vpc",
      "provider": "provider[\"registry.terraform.io/hashicorp/aws\"]",
      "instances": [
        {
          "schema_version": 1,
          "attributes": {
            "arn": "arn:aws:ec2:ap-south-1:588082971984:vpc/vpc-01a6fd9fcff3d38aa",
            "assign_generated_ipv6_cidr_block": false,
            "cidr_block": "10.0.0.0/16",
            "default_network_acl_id": "acl-0661347b32b1a5f7e",
            "default_route_table_id": "rtb-08ff0c8f4e807aac7",
            "default_security_group_id": "sg-05f2e03894024be8c",
            "dhcp_options_id": "dopt-0ddbfd454056a668d",
            "enable_dns_hostnames": false,
            "enable_dns_support": true,
            "enable_network_address_usage_metrics": false,
            "id": "vpc-01a6fd9fcff3d38aa",
            "instance_tenancy": "default",
            "ipv4_ipam_pool_id": null,
            "ipv4_netmask_length": null,
            "ipv6_association_id": "",
            "ipv6_cidr_block": "",
            "ipv6_cidr_block_network_border_group": "",
            "ipv6_ipam_pool_id": "",
            "ipv6_netmask_length": 0,
            "main_route_table_id": "rtb-08ff0c8f4e807aac7",
            "owner_id": "588082971984",
            "region": "ap-south-1",
            "tags": {
              "Name": "VPC_Sam"
            },
            "tags_all": {
              "Name": "VPC_Sam"
            }
          },
          "sensitive_attributes": [],
          "identity_schema_version": 0,
          "private": "eyJzY2hlbWFfdmVyc2lvbiI6IjEifQ==",
          "create_before_destroy": true
        }
      ]
    },
    {
      "module": "module.network_2",
      "mode": "managed",
      "type": "aws_internet_gateway",
      "name": "sam-1-igw",
      "provider": "provider[\"registry.terraform.io/hashicorp/aws\"]",
      "instances": [
        {
          "schema_version": 0,
          "attributes": {
            "arn": "arn:aws:ec2:ap-south-1:588082971984:internet-gateway/igw-071cc7ea00e03c62d",
            "id": "igw-071cc7ea00e03c62d",
            "owner_id": "588082971984",
            "region": "ap-south-1",
            "tags": {
              "Name": "sigw"
            },
            "tags_all": {
              "Name": "sigw"
            },
            "timeouts": null,
            "vpc_id": "vpc-01bb3ba4b9b02df75"
          },
          "sensitive_attributes": [],
          "identity_schema_version": 0,
          "private": "eyJlMmJmYjczMC1lY2FhLTExZTYtOGY4OC0zNDM2M2JjN2M0YzAiOnsiY3JlYXRlIjoxMjAwMDAwMDAwMDAwLCJkZWxldGUiOjEyMDAwMDAwMDAwMDAsInVwZGF0ZSI6MTIwMDAwMDAwMDAwMH19",
          "dependencies": [
            "module.network_2.aws_vpc.Sam_auto_vpc"
          ]
        }
      ]
    },
    {
      "module": "module.network_2",
      "mode": "managed",
      "type": "aws_route_table",
      "name": "sam_auto_rt",
      "provider": "provider[\"registry.terraform.io/hashicorp/aws\"]",
      "instances": [
        {
          "schema_version": 0,
          "attributes": {
            "arn": "arn:aws:ec2:ap-south-1:588082971984:route-table/rtb-05e641c04b24d6b40",
            "id": "rtb-05e641c04b24d6b40",
            "owner_id": "588082971984",
            "propagating_vgws": [],
            "region": "ap-south-1",
            "route": [
              {
                "carrier_gateway_id": "",
                "cidr_block": "0.0.0.0/0",
                "core_network_arn": "",
                "destination_prefix_list_id": "",
                "egress_only_gateway_id": "",
                "gateway_id": "igw-071cc7ea00e03c62d",
                "ipv6_cidr_block": "",
                "local_gateway_id": "",
                "nat_gateway_id": "",
                "network_interface_id": "",
                "transit_gateway_id": "",
                "vpc_endpoint_id": "",
                "vpc_peering_connection_id": ""
              }
            ],
            "tags": {
              "Name": "rt1auto"
            },
            "tags_all": {
              "Name": "rt1auto"
            },
            "timeouts": null,
            "vpc_id": "vpc-01bb3ba4b9b02df75"
          },
          "sensitive_attributes": [],
          "identity_schema_version": 0,
          "private": "eyJlMmJmYjczMC1lY2FhLTExZTYtOGY4OC0zNDM2M2JjN2M0YzAiOnsiY3JlYXRlIjozMDAwMDAwMDAwMDAsImRlbGV0ZSI6MzAwMDAwMDAwMDAwLCJ1cGRhdGUiOjEyMDAwMDAwMDAwMH19",
          "dependencies": [
            "module.network_2.aws_internet_gateway.sam-1-igw",
            "module.network_2.aws_vpc.Sam_auto_vpc"
          ]
        }
      ]
    },
    {
      "module": "module.network_2",
      "mode": "managed",
      "type": "aws_vpc",
      "name": "Sam_auto_vpc",
      "provider": "provider[\"registry.terraform.io/hashicorp/aws\"]",
      "instances": [
        {
          "schema_version": 1,
          "attributes": {
            "arn": "arn:aws:ec2:ap-south-1:588082971984:vpc/vpc-01bb3ba4b9b02df75",
            "assign_generated_ipv6_cidr_block": false,
            "cidr_block": "10.0.0.0/16",
            "default_network_acl_id": "acl-00213e0b7875e6a1b",
            "default_route_table_id": "rtb-088ddf366c79b0db1",
            "default_security_group_id": "sg-0077014f2ed01ec32",
            "dhcp_options_id": "dopt-0ddbfd454056a668d",
            "enable_dns_hostnames": false,
            "enable_dns_support": true,
            "enable_network_address_usage_metrics": false,
            "id": "vpc-01bb3ba4b9b02df75",
            "instance_tenancy": "default",
            "ipv4_ipam_pool_id": null,
            "ipv4_netmask_length": null,
            "ipv6_association_id": "",
            "ipv6_cidr_block": "",
            "ipv6_cidr_block_network_border_group": "",
            "ipv6_ipam_pool_id": "",
            "ipv6_netmask_length": 0,
            "main_route_table_id": "rtb-088ddf366c79b0db1",
            "owner_id": "588082971984",
            "region": "ap-south-1",
            "tags": {
              "Name": "VPC_Sam"
            },
            "tags_all": {
              "Name": "VPC_Sam"
            }
          },
          "sensitive_attributes": [],
          "identity_schema_version": 0,
          "private": "eyJzY2hlbWFfdmVyc2lvbiI6IjEifQ==",
          "create_before_destroy": true
        }
      ]
    },
    {
      "module": "module.security",
      "mode": "managed",
      "type": "aws_security_group",
      "name": "auto_sg_sam",
      "provider": "provider[\"registry.terraform.io/hashicorp/aws\"]",
      "instances": [
        {
          "schema_version": 1,
          "attributes": {
            "arn": "arn:aws:ec2:ap-south-1:588082971984:security-group/sg-063c2fc1ade832c8d",
            "description": "Allow HTTP, HTTPS, SSH inbound and all IPv4 outbound traffic",
            "egress": [],
            "id": "sg-063c2fc1ade832c8d",
            "ingress": [],
            "name": "sam-prod-web_sg",
            "name_prefix": "",
            "owner_id": "588082971984",
            "region": "ap-south-1",
            "revoke_rules_on_delete": false,
            "tags": {
              "Name": "sam-prod-web_sg"
            },
            "tags_all": {
              "Name": "sam-prod-web_sg"
            },
            "timeouts": null,
            "vpc_id": "vpc-01a6fd9fcff3d38aa"
          },
          "sensitive_attributes": [],
          "identity_schema_version": 0,
          "identity": {
            "account_id": "588082971984",
            "id": "sg-063c2fc1ade832c8d",
            "region": "ap-south-1"
          },
          "private": "eyJlMmJmYjczMC1lY2FhLTExZTYtOGY4OC0zNDM2M2JjN2M0YzAiOnsiY3JlYXRlIjo2MDAwMDAwMDAwMDAsImRlbGV0ZSI6OTAwMDAwMDAwMDAwfSwic2NoZW1hX3ZlcnNpb24iOiIxIn0=",
          "dependencies": [
            "module.network.aws_vpc.Sam_auto_vpc"
          ],
          "create_before_destroy": true
        }
      ]
    },
    {
      "module": "module.security",
      "mode": "managed",
      "type": "aws_vpc_security_group_egress_rule",
      "name": "allow_all_traffic_ipv4",
      "provider": "provider[\"registry.terraform.io/hashicorp/aws\"]",
      "instances": [
        {
          "schema_version": 0,
          "attributes": {
            "arn": "arn:aws:ec2:ap-south-1:588082971984:security-group-rule/sgr-0895e85c407b7f005",
            "cidr_ipv4": "0.0.0.0/0",
            "cidr_ipv6": null,
            "description": null,
            "from_port": null,
            "id": "sgr-0895e85c407b7f005",
            "ip_protocol": "-1",
            "prefix_list_id": null,
            "referenced_security_group_id": null,
            "region": "ap-south-1",
            "security_group_id": "sg-063c2fc1ade832c8d",
            "security_group_rule_id": "sgr-0895e85c407b7f005",
            "tags": null,
            "tags_all": {},
            "to_port": null
          },
          "sensitive_attributes": [],
          "identity_schema_version": 0,
          "dependencies": [
            "module.network.aws_vpc.Sam_auto_vpc",
            "module.security.aws_security_group.auto_sg_sam"
          ]
        }
      ]
    },
    {
      "module": "module.security",
      "mode": "managed",
      "type": "aws_vpc_security_group_ingress_rule",
      "name": "http_ipv4",
      "provider": "provider[\"registry.terraform.io/hashicorp/aws\"]",
      "instances": [
        {
          "schema_version": 0,
          "attributes": {
            "arn": "arn:aws:ec2:ap-south-1:588082971984:security-group-rule/sgr-018205657b46b92ba",
            "cidr_ipv4": "0.0.0.0/0",
            "cidr_ipv6": null,
            "description": null,
            "from_port": 80,
            "id": "sgr-018205657b46b92ba",
            "ip_protocol": "tcp",
            "prefix_list_id": null,
            "referenced_security_group_id": null,
            "region": "ap-south-1",
            "security_group_id": "sg-063c2fc1ade832c8d",
            "security_group_rule_id": "sgr-018205657b46b92ba",
            "tags": null,
            "tags_all": {},
            "to_port": 80
          },
          "sensitive_attributes": [],
          "identity_schema_version": 0,
          "dependencies": [
            "module.network.aws_vpc.Sam_auto_vpc",
            "module.security.aws_security_group.auto_sg_sam"
          ]
        }
      ]
    },
    {
      "module": "module.security",
      "mode": "managed",
      "type": "aws_vpc_security_group_ingress_rule",
      "name": "https_ipv4",
      "provider": "provider[\"registry.terraform.io/hashicorp/aws\"]",
      "instances": [
        {
          "schema_version": 0,
          "attributes": {
            "arn": "arn:aws:ec2:ap-south-1:588082971984:security-group-rule/sgr-000f62b5b7852c064",
            "cidr_ipv4": "0.0.0.0/0",
            "cidr_ipv6": null,
            "description": null,
            "from_port": 443,
            "id": "sgr-000f62b5b7852c064",
            "ip_protocol": "tcp",
            "prefix_list_id": null,
            "referenced_security_group_id": null,
            "region": "ap-south-1",
            "security_group_id": "sg-063c2fc1ade832c8d",
            "security_group_rule_id": "sgr-000f62b5b7852c064",
            "tags": null,
            "tags_all": {},
            "to_port": 443
          },
          "sensitive_attributes": [],
          "identity_schema_version": 0,
          "dependencies": [
            "module.network.aws_vpc.Sam_auto_vpc",
            "module.security.aws_security_group.auto_sg_sam"
          ]
        }
      ]
    },
    {
      "module": "module.security",
      "mode": "managed",
      "type": "aws_vpc_security_group_ingress_rule",
      "name": "ssh_ipv4",
      "provider": "provider[\"registry.terraform.io/hashicorp/aws\"]",
      "instances": [
        {
          "schema_version": 0,
          "attributes": {
            "arn": "arn:aws:ec2:ap-south-1:588082971984:security-group-rule/sgr-0ea16079b2682ad4e",
            "cidr_ipv4": "0.0.0.0/0",
            "cidr_ipv6": null,
            "description": null,
            "from_port": 22,
            "id": "sgr-0ea16079b2682ad4e",
            "ip_protocol": "tcp",
            "prefix_list_id": null,
            "referenced_security_group_id": null,
            "region": "ap-south-1",
            "security_group_id": "sg-063c2fc1ade832c8d",
            "security_group_rule_id": "sgr-0ea16079b2682ad4e",
            "tags": null,
            "tags_all": {},
            "to_port": 22
          },
          "sensitive_attributes": [],
          "identity_schema_version": 0,
          "dependencies": [
            "module.network.aws_vpc.Sam_auto_vpc",
            "module.security.aws_security_group.auto_sg_sam"
          ]
        }
      ]
    },
    {
      "module": "module.security_2",
      "mode": "managed",
      "type": "aws_security_group",
      "name": "auto_sg_sam",
      "provider": "provider[\"registry.terraform.io/hashicorp/aws\"]",
      "instances": [
        {
          "schema_version": 1,
          "attributes": {
            "arn": "arn:aws:ec2:ap-south-1:588082971984:security-group/sg-0386beddb07d1aedd",
            "description": "Allow HTTP, HTTPS, SSH inbound and all IPv4 outbound traffic",
            "egress": [],
            "id": "sg-0386beddb07d1aedd",
            "ingress": [],
            "name": "sam-prod2-web_sg",
            "name_prefix": "",
            "owner_id": "588082971984",
            "region": "ap-south-1",
            "revoke_rules_on_delete": false,
            "tags": {
              "Name": "sam-prod2-web_sg"
            },
            "tags_all": {
              "Name": "sam-prod2-web_sg"
            },
            "timeouts": null,
            "vpc_id": "vpc-01bb3ba4b9b02df75"
          },
          "sensitive_attributes": [],
          "identity_schema_version": 0,
          "identity": {
            "account_id": "588082971984",
            "id": "sg-0386beddb07d1aedd",
            "region": "ap-south-1"
          },
          "private": "eyJlMmJmYjczMC1lY2FhLTExZTYtOGY4OC0zNDM2M2JjN2M0YzAiOnsiY3JlYXRlIjo2MDAwMDAwMDAwMDAsImRlbGV0ZSI6OTAwMDAwMDAwMDAwfSwic2NoZW1hX3ZlcnNpb24iOiIxIn0=",
          "dependencies": [
            "module.network_2.aws_vpc.Sam_auto_vpc"
          ],
          "create_before_destroy": true
        }
      ]
    },
    {
      "module": "module.security_2",
      "mode": "managed",
      "type": "aws_vpc_security_group_egress_rule",
      "name": "allow_all_traffic_ipv4",
      "provider": "provider[\"registry.terraform.io/hashicorp/aws\"]",
      "instances": [
        {
          "schema_version": 0,
          "attributes": {
            "arn": "arn:aws:ec2:ap-south-1:588082971984:security-group-rule/sgr-0a9d37e603f294db9",
            "cidr_ipv4": "0.0.0.0/0",
            "cidr_ipv6": null,
            "description": null,
            "from_port": null,
            "id": "sgr-0a9d37e603f294db9",
            "ip_protocol": "-1",
            "prefix_list_id": null,
            "referenced_security_group_id": null,
            "region": "ap-south-1",
            "security_group_id": "sg-0386beddb07d1aedd",
            "security_group_rule_id": "sgr-0a9d37e603f294db9",
            "tags": null,
            "tags_all": {},
            "to_port": null
          },
          "sensitive_attributes": [],
          "identity_schema_version": 0,
          "dependencies": [
            "module.network_2.aws_vpc.Sam_auto_vpc",
            "module.security_2.aws_security_group.auto_sg_sam"
          ]
        }
      ]
    },
    {
      "module": "module.security_2",
      "mode": "managed",
      "type": "aws_vpc_security_group_ingress_rule",
      "name": "http_ipv4",
      "provider": "provider[\"registry.terraform.io/hashicorp/aws\"]",
      "instances": [
        {
          "schema_version": 0,
          "attributes": {
            "arn": "arn:aws:ec2:ap-south-1:588082971984:security-group-rule/sgr-05249e006955c1fc3",
            "cidr_ipv4": "0.0.0.0/0",
            "cidr_ipv6": null,
            "description": null,
            "from_port": 80,
            "id": "sgr-05249e006955c1fc3",
            "ip_protocol": "tcp",
            "prefix_list_id": null,
            "referenced_security_group_id": null,
            "region": "ap-south-1",
            "security_group_id": "sg-0386beddb07d1aedd",
            "security_group_rule_id": "sgr-05249e006955c1fc3",
            "tags": null,
            "tags_all": {},
            "to_port": 80
          },
          "sensitive_attributes": [],
          "identity_schema_version": 0,
          "dependencies": [
            "module.network_2.aws_vpc.Sam_auto_vpc",
            "module.security_2.aws_security_group.auto_sg_sam"
          ]
        }
      ]
    },
    {
      "module": "module.security_2",
      "mode": "managed",
      "type": "aws_vpc_security_group_ingress_rule",
      "name": "https_ipv4",
      "provider": "provider[\"registry.terraform.io/hashicorp/aws\"]",
      "instances": [
        {
          "schema_version": 0,
          "attributes": {
            "arn": "arn:aws:ec2:ap-south-1:588082971984:security-group-rule/sgr-0659e44cf0c9d525d",
            "cidr_ipv4": "0.0.0.0/0",
            "cidr_ipv6": null,
            "description": null,
            "from_port": 443,
            "id": "sgr-0659e44cf0c9d525d",
            "ip_protocol": "tcp",
            "prefix_list_id": null,
            "referenced_security_group_id": null,
            "region": "ap-south-1",
            "security_group_id": "sg-0386beddb07d1aedd",
            "security_group_rule_id": "sgr-0659e44cf0c9d525d",
            "tags": null,
            "tags_all": {},
            "to_port": 443
          },
          "sensitive_attributes": [],
          "identity_schema_version": 0,
          "dependencies": [
            "module.network_2.aws_vpc.Sam_auto_vpc",
            "module.security_2.aws_security_group.auto_sg_sam"
          ]
        }
      ]
    },
    {
      "module": "module.security_2",
      "mode": "managed",
      "type": "aws_vpc_security_group_ingress_rule",
      "name": "ssh_ipv4",
      "provider": "provider[\"registry.terraform.io/hashicorp/aws\"]",
      "instances": [
        {
          "schema_version": 0,
          "attributes": {
            "arn": "arn:aws:ec2:ap-south-1:588082971984:security-group-rule/sgr-09a9d70c1274825d4",
            "cidr_ipv4": "0.0.0.0/0",
            "cidr_ipv6": null,
            "description": null,
            "from_port": 22,
            "id": "sgr-09a9d70c1274825d4",
            "ip_protocol": "tcp",
            "prefix_list_id": null,
            "referenced_security_group_id": null,
            "region": "ap-south-1",
            "security_group_id": "sg-0386beddb07d1aedd",
            "security_group_rule_id": "sgr-09a9d70c1274825d4",
            "tags": null,
            "tags_all": {},
            "to_port": 22
          },
          "sensitive_attributes": [],
          "identity_schema_version": 0,
          "dependencies": [
            "module.network_2.aws_vpc.Sam_auto_vpc",
            "module.security_2.aws_security_group.auto_sg_sam"
          ]
        }
      ]
    }
  ],
  "check_results": null
}
